// !$*UTF8*$!
{
	archiveVersion = 1;
	classes = {
	};
	objectVersion = 77;
	objects = {

/* Begin PBXBuildFile section */
		610DF5372FD16D5F00DFD2AC /* WidgetKit.framework in Frameworks */ = {isa = PBXBuildFile; fileRef = 610DF5362FD16D5F00DFD2AC /* WidgetKit.framework */; };
		610DF5392FD16D5F00DFD2AC /* SwiftUI.framework in Frameworks */ = {isa = PBXBuildFile; fileRef = 610DF5382FD16D5F00DFD2AC /* SwiftUI.framework */; };
		610DF5932FD1711100DFD2AC /* PeriodEntry.swift in Sources */ = {isa = PBXBuildFile; fileRef = 61D166E82F570BA300E59BF5 /* PeriodEntry.swift */; };
		610DF5972FD176C400DFD2AC /* PeriodWidgetExtension.appex in CopyFiles */ = {isa = PBXBuildFile; fileRef = 610DF5342FD16D5F00DFD2AC /* PeriodWidgetExtension.appex */; settings = {ATTRIBUTES = (RemoveHeadersOnCopy, ); }; };
		616540302FADF8FF001EEA97 /* PeriodTrackerWatch Watch App.app in Embed Watch Content */ = {isa = PBXBuildFile; fileRef = 616540262FADF8FC001EEA97 /* PeriodTrackerWatch Watch App.app */; settings = {ATTRIBUTES = (RemoveHeadersOnCopy, ); }; };
		616540352FADF924001EEA97 /* PeriodEntry.swift in Sources */ = {isa = PBXBuildFile; fileRef = 61D166E82F570BA300E59BF5 /* PeriodEntry.swift */; };
		61D166E92F570BA300E59BF5 /* PeriodEntry.swift in Sources */ = {isa = PBXBuildFile; fileRef = 61D166E82F570BA300E59BF5 /* PeriodEntry.swift */; };
/* End PBXBuildFile section */

/* Begin PBXContainerItemProxy section */
		6165402E2FADF8FF001EEA97 /* PBXContainerItemProxy */ = {
			isa = PBXContainerItemProxy;
			containerPortal = 61D166B12F56FF8D00E59BF5 /* Project object */;
			proxyType = 1;
			remoteGlobalIDString = 616540252FADF8FC001EEA97;
			remoteInfo = "PeriodTrackerWatch Watch App";
		};
		61D166CB2F56FF8F00E59BF5 /* PBXContainerItemProxy */ = {
			isa = PBXContainerItemProxy;
			containerPortal = 61D166B12F56FF8D00E59BF5 /* Project object */;
			proxyType = 1;
			remoteGlobalIDString = 61D166B82F56FF8E00E59BF5;
			remoteInfo = PeriodTracker;
		};
		61D166D52F56FF8F00E59BF5 /* PBXContainerItemProxy */ = {
			isa = PBXContainerItemProxy;
			containerPortal = 61D166B12F56FF8D00E59BF5 /* Project object */;
			proxyType = 1;
			remoteGlobalIDString = 61D166B82F56FF8E00E59BF5;
			remoteInfo = PeriodTracker;
		};
/* End PBXContainerItemProxy section */

/* Begin PBXCopyFilesBuildPhase section */
		610DF5952FD1766300DFD2AC /* CopyFiles */ = {
			isa = PBXCopyFilesBuildPhase;
			buildActionMask = 2147483647;
			dstPath = "";
			dstSubfolderSpec = 13;
			files = (
				610DF5972FD176C400DFD2AC /* PeriodWidgetExtension.appex in CopyFiles */,
			);
			runOnlyForDeploymentPostprocessing = 0;
		};
		616540342FADF8FF001EEA97 /* Embed Watch Content */ = {
			isa = PBXCopyFilesBuildPhase;
			buildActionMask = 2147483647;
			dstPath = "$(CONTENTS_FOLDER_PATH)/Watch";
			dstSubfolderSpec = 16;
			files = (
				616540302FADF8FF001EEA97 /* PeriodTrackerWatch Watch App.app in Embed Watch Content */,
			);
			name = "Embed Watch Content";
			runOnlyForDeploymentPostprocessing = 0;
		};
/* End PBXCopyFilesBuildPhase section */

/* Begin PBXFileReference section */
		610DF5342FD16D5F00DFD2AC /* PeriodWidgetExtension.appex */ = {isa = PBXFileReference; explicitFileType = "wrapper.app-extension"; includeInIndex = 0; path = PeriodWidgetExtension.appex; sourceTree = BUILT_PRODUCTS_DIR; };
		610DF5362FD16D5F00DFD2AC /* WidgetKit.framework */ = {isa = PBXFileReference; lastKnownFileType = wrapper.framework; name = WidgetKit.framework; path = System/Library/Frameworks/WidgetKit.framework; sourceTree = SDKROOT; };
		610DF5382FD16D5F00DFD2AC /* SwiftUI.framework */ = {isa = PBXFileReference; lastKnownFileType = wrapper.framework; name = SwiftUI.framework; path = System/Library/Frameworks/SwiftUI.framework; sourceTree = SDKROOT; };
		610DF5942FD1721400DFD2AC /* PeriodWidgetExtension.entitlements */ = {isa = PBXFileReference; lastKnownFileType = text.plist.entitlements; path = PeriodWidgetExtension.entitlements; sourceTree = "<group>"; };
		616540262FADF8FC001EEA97 /* PeriodTrackerWatch Watch App.app */ = {isa = PBXFileReference; explicitFileType = wrapper.application; includeInIndex = 0; path = "PeriodTrackerWatch Watch App.app"; sourceTree = BUILT_PRODUCTS_DIR; };
		61D166B92F56FF8E00E59BF5 /* PeriodTracker.app */ = {isa = PBXFileReference; explicitFileType = wrapper.application; includeInIndex = 0; path = PeriodTracker.app; sourceTree = BUILT_PRODUCTS_DIR; };
		61D166CA2F56FF8F00E59BF5 /* PeriodTrackerTests.xctest */ = {isa = PBXFileReference; explicitFileType = wrapper.cfbundle; includeInIndex = 0; path = PeriodTrackerTests.xctest; sourceTree = BUILT_PRODUCTS_DIR; };
		61D166D42F56FF8F00E59BF5 /* PeriodTrackerUITests.xctest */ = {isa = PBXFileReference; explicitFileType = wrapper.cfbundle; includeInIndex = 0; path = PeriodTrackerUITests.xctest; sourceTree = BUILT_PRODUCTS_DIR; };
		61D166E82F570BA300E59BF5 /* PeriodEntry.swift */ = {isa = PBXFileReference; lastKnownFileType = sourcecode.swift; path = PeriodEntry.swift; sourceTree = "<group>"; };
/* End PBXFileReference section */

/* Begin PBXFileSystemSynchronizedBuildFileExceptionSet section */
		610DF5422FD16D6200DFD2AC /* Exceptions for "PeriodWidget" folder in "PeriodWidgetExtension" target */ = {
			isa = PBXFileSystemSynchronizedBuildFileExceptionSet;
			membershipExceptions = (
				Info.plist,
			);
			target = 610DF5332FD16D5F00DFD2AC /* PeriodWidgetExtension */;
		};
		610DF5472FD1705B00DFD2AC /* Exceptions for "PeriodTracker" folder in "PeriodWidgetExtension" target */ = {
			isa = PBXFileSystemSynchronizedBuildFileExceptionSet;
			membershipExceptions = (
				AppCopy.swift,
				AppLanguage.swift,
				OvulationCalculator.swift,
				WidgetSnapshot.swift,
			);
			target = 610DF5332FD16D5F00DFD2AC /* PeriodWidgetExtension */;
		};
		616540372FADF936001EEA97 /* Exceptions for "PeriodTracker" folder in "PeriodTrackerWatch Watch App" target */ = {
			isa = PBXFileSystemSynchronizedBuildFileExceptionSet;
			membershipExceptions = (
				AppBackground.swift,
				AppCopy.swift,
				AppCopyEnvironment.swift,
				AppLanguage.swift,
				DateFormatters.swift,
				OvulationCalculator.swift,
			);
			target = 616540252FADF8FC001EEA97 /* PeriodTrackerWatch Watch App */;
		};
		61D166DC2F56FF9000E59BF5 /* Exceptions for "PeriodTracker" folder in "PeriodTracker" target */ = {
			isa = PBXFileSystemSynchronizedBuildFileExceptionSet;
			membershipExceptions = (
				Info.plist,
			);
			target = 61D166B82F56FF8E00E59BF5 /* PeriodTracker */;
		};
/* End PBXFileSystemSynchronizedBuildFileExceptionSet section */

/* Begin PBXFileSystemSynchronizedRootGroup section */
		610DF53A2FD16D5F00DFD2AC /* PeriodWidget */ = {
			isa = PBXFileSystemSynchronizedRootGroup;
			exceptions = (
				610DF5422FD16D6200DFD2AC /* Exceptions for "PeriodWidget" folder in "PeriodWidgetExtension" target */,
			);
			path = PeriodWidget;
			sourceTree = "<group>";
		};
		616540272FADF8FC001EEA97 /* PeriodTrackerWatch Watch App */ = {
			isa = PBXFileSystemSynchronizedRootGroup;
			path = "PeriodTrackerWatch Watch App";
			sourceTree = "<group>";
		};
		61D166BB2F56FF8E00E59BF5 /* PeriodTracker */ = {
			isa = PBXFileSystemSynchronizedRootGroup;
			exceptions = (
				61D166DC2F56FF9000E59BF5 /* Exceptions for "PeriodTracker" folder in "PeriodTracker" target */,
				616540372FADF936001EEA97 /* Exceptions for "PeriodTracker" folder in "PeriodTrackerWatch Watch App" target */,
				610DF5472FD1705B00DFD2AC /* Exceptions for "PeriodTracker" folder in "PeriodWidgetExtension" target */,
			);
			path = PeriodTracker;
			sourceTree = "<group>";
		};
		61D166CD2F56FF8F00E59BF5 /* PeriodTrackerTests */ = {
			isa = PBXFileSystemSynchronizedRootGroup;
			path = PeriodTrackerTests;
			sourceTree = "<group>";
		};
		61D166D72F56FF8F00E59BF5 /* PeriodTrackerUITests */ = {
			isa = PBXFileSystemSynchronizedRootGroup;
			path = PeriodTrackerUITests;
			sourceTree = "<group>";
		};
/* End PBXFileSystemSynchronizedRootGroup section */

/* Begin PBXFrameworksBuildPhase section */
		610DF5312FD16D5F00DFD2AC /* Frameworks */ = {
			isa = PBXFrameworksBuildPhase;
			buildActionMask = 2147483647;
			files = (
				610DF5392FD16D5F00DFD2AC /* SwiftUI.framework in Frameworks */,
				610DF5372FD16D5F00DFD2AC /* WidgetKit.framework in Frameworks */,
			);
			runOnlyForDeploymentPostprocessing = 0;
		};
		616540232FADF8FC001EEA97 /* Frameworks */ = {
			isa = PBXFrameworksBuildPhase;
			buildActionMask = 2147483647;
			files = (
			);
			runOnlyForDeploymentPostprocessing = 0;
		};
		61D166B62F56FF8E00E59BF5 /* Frameworks */ = {
			isa = PBXFrameworksBuildPhase;
			buildActionMask = 2147483647;
			files = (
			);
			runOnlyForDeploymentPostprocessing = 0;
		};
		61D166C72F56FF8F00E59BF5 /* Frameworks */ = {
			isa = PBXFrameworksBuildPhase;
			buildActionMask = 2147483647;
			files = (
			);
			runOnlyForDeploymentPostprocessing = 0;
		};
		61D166D12F56FF8F00E59BF5 /* Frameworks */ = {
			isa = PBXFrameworksBuildPhase;
			buildActionMask = 2147483647;
			files = (
			);
			runOnlyForDeploymentPostprocessing = 0;
		};
/* End PBXFrameworksBuildPhase section */

/* Begin PBXGroup section */
		610DF5352FD16D5F00DFD2AC /* Frameworks */ = {
			isa = PBXGroup;
			children = (
				610DF5362FD16D5F00DFD2AC /* WidgetKit.framework */,
				610DF5382FD16D5F00DFD2AC /* SwiftUI.framework */,
			);
			name = Frameworks;
			sourceTree = "<group>";
		};
		61D166B02F56FF8D00E59BF5 = {
			isa = PBXGroup;
			children = (
				610DF5942FD1721400DFD2AC /* PeriodWidgetExtension.entitlements */,
				61D166BB2F56FF8E00E59BF5 /* PeriodTracker */,
				61D166CD2F56FF8F00E59BF5 /* PeriodTrackerTests */,
				61D166D72F56FF8F00E59BF5 /* PeriodTrackerUITests */,
				616540272FADF8FC001EEA97 /* PeriodTrackerWatch Watch App */,
				610DF53A2FD16D5F00DFD2AC /* PeriodWidget */,
				610DF5352FD16D5F00DFD2AC /* Frameworks */,
				61D166BA2F56FF8E00E59BF5 /* Products */,
				61D166E82F570BA300E59BF5 /* PeriodEntry.swift */,
			);
			sourceTree = "<group>";
		};
		61D166BA2F56FF8E00E59BF5 /* Products */ = {
			isa = PBXGroup;
			children = (
				61D166B92F56FF8E00E59BF5 /* PeriodTracker.app */,
				61D166CA2F56FF8F00E59BF5 /* PeriodTrackerTests.xctest */,
				61D166D42F56FF8F00E59BF5 /* PeriodTrackerUITests.xctest */,
				616540262FADF8FC001EEA97 /* PeriodTrackerWatch Watch App.app */,
				610DF5342FD16D5F00DFD2AC /* PeriodWidgetExtension.appex */,
			);
			name = Products;
			sourceTree = "<group>";
		};
/* End PBXGroup section */

/* Begin PBXNativeTarget section */
		610DF5332FD16D5F00DFD2AC /* PeriodWidgetExtension */ = {
			isa = PBXNativeTarget;
			buildConfigurationList = 610DF5432FD16D6200DFD2AC /* Build configuration list for PBXNativeTarget "PeriodWidgetExtension" */;
			buildPhases = (
				610DF5302FD16D5F00DFD2AC /* Sources */,
				610DF5312FD16D5F00DFD2AC /* Frameworks */,
				610DF5322FD16D5F00DFD2AC /* Resources */,
			);
			buildRules = (
			);
			dependencies = (
			);
			fileSystemSynchronizedGroups = (
				610DF53A2FD16D5F00DFD2AC /* PeriodWidget */,
			);
			name = PeriodWidgetExtension;
			packageProductDependencies = (
			);
			productName = PeriodWidgetExtension;
			productReference = 610DF5342FD16D5F00DFD2AC /* PeriodWidgetExtension.appex */;
			productType = "com.apple.product-type.app-extension";
		};
		616540252FADF8FC001EEA97 /* PeriodTrackerWatch Watch App */ = {
			isa = PBXNativeTarget;
			buildConfigurationList = 616540312FADF8FF001EEA97 /* Build configuration list for PBXNativeTarget "PeriodTrackerWatch Watch App" */;
			buildPhases = (
				616540222FADF8FC001EEA97 /* Sources */,
				616540232FADF8FC001EEA97 /* Frameworks */,
				616540242FADF8FC001EEA97 /* Resources */,
			);
			buildRules = (
			);
			dependencies = (
			);
			fileSystemSynchronizedGroups = (
				616540272FADF8FC001EEA97 /* PeriodTrackerWatch Watch App */,
			);
			name = "PeriodTrackerWatch Watch App";
			packageProductDependencies = (
			);
			productName = "PeriodTrackerWatch Watch App";
			productReference = 616540262FADF8FC001EEA97 /* PeriodTrackerWatch Watch App.app */;
			productType = "com.apple.product-type.application";
		};
		61D166B82F56FF8E00E59BF5 /* PeriodTracker */ = {
			isa = PBXNativeTarget;
			buildConfigurationList = 61D166DD2F56FF9000E59BF5 /* Build configuration list for PBXNativeTarget "PeriodTracker" */;
			buildPhases = (
				61D166B52F56FF8E00E59BF5 /* Sources */,
				61D166B62F56FF8E00E59BF5 /* Frameworks */,
				61D166B72F56FF8E00E59BF5 /* Resources */,
				616540342FADF8FF001EEA97 /* Embed Watch Content */,
				610DF5952FD1766300DFD2AC /* CopyFiles */,
			);
			buildRules = (
			);
			dependencies = (
				6165402F2FADF8FF001EEA97 /* PBXTargetDependency */,
			);
			fileSystemSynchronizedGroups = (
				61D166BB2F56FF8E00E59BF5 /* PeriodTracker */,
			);
			name = PeriodTracker;
			packageProductDependencies = (
			);
			productName = PeriodTracker;
			productReference = 61D166B92F56FF8E00E59BF5 /* PeriodTracker.app */;
			productType = "com.apple.product-type.application";
		};
		61D166C92F56FF8F00E59BF5 /* PeriodTrackerTests */ = {
			isa = PBXNativeTarget;
			buildConfigurationList = 61D166E22F56FF9000E59BF5 /* Build configuration list for PBXNativeTarget "PeriodTrackerTests" */;
			buildPhases = (
				61D166C62F56FF8F00E59BF5 /* Sources */,
				61D166C72F56FF8F00E59BF5 /* Frameworks */,
				61D166C82F56FF8F00E59BF5 /* Resources */,
			);
			buildRules = (
			);
			dependencies = (
				61D166CC2F56FF8F00E59BF5 /* PBXTargetDependency */,
			);
			fileSystemSynchronizedGroups = (
				61D166CD2F56FF8F00E59BF5 /* PeriodTrackerTests */,
			);
			name = PeriodTrackerTests;
			packageProductDependencies = (
			);
			productName = PeriodTrackerTests;
			productReference = 61D166CA2F56FF8F00E59BF5 /* PeriodTrackerTests.xctest */;
			productType = "com.apple.product-type.bundle.unit-test";
		};
		61D166D32F56FF8F00E59BF5 /* PeriodTrackerUITests */ = {
			isa = PBXNativeTarget;
			buildConfigurationList = 61D166E52F56FF9000E59BF5 /* Build configuration list for PBXNativeTarget "PeriodTrackerUITests" */;
			buildPhases = (
				61D166D02F56FF8F00E59BF5 /* Sources */,
				61D166D12F56FF8F00E59BF5 /* Frameworks */,
				61D166D22F56FF8F00E59BF5 /* Resources */,
			);
			buildRules = (
			);
			dependencies = (
				61D166D62F56FF8F00E59BF5 /* PBXTargetDependency */,
			);
			fileSystemSynchronizedGroups = (
				61D166D72F56FF8F00E59BF5 /* PeriodTrackerUITests */,
			);
			name = PeriodTrackerUITests;
			packageProductDependencies = (
			);
			productName = PeriodTrackerUITests;
			productReference = 61D166D42F56FF8F00E59BF5 /* PeriodTrackerUITests.xctest */;
			productType = "com.apple.product-type.bundle.ui-testing";
		};
/* End PBXNativeTarget section */

/* Begin PBXProject section */
		61D166B12F56FF8D00E59BF5 /* Project object */ = {
			isa = PBXProject;
			attributes = {
				BuildIndependentTargetsInParallel = 1;
				LastSwiftUpdateCheck = 2630;
				LastUpgradeCheck = 2630;
				TargetAttributes = {
					610DF5332FD16D5F00DFD2AC = {
						CreatedOnToolsVersion = 26.3;
					};
					616540252FADF8FC001EEA97 = {
						CreatedOnToolsVersion = 26.3;
					};
					61D166B82F56FF8E00E59BF5 = {
						CreatedOnToolsVersion = 26.3;
					};
					61D166C92F56FF8F00E59BF5 = {
						CreatedOnToolsVersion = 26.3;
						TestTargetID = 61D166B82F56FF8E00E59BF5;
					};
					61D166D32F56FF8F00E59BF5 = {
						CreatedOnToolsVersion = 26.3;
						TestTargetID = 61D166B82F56FF8E00E59BF5;
					};
				};
			};
			buildConfigurationList = 61D166B42F56FF8D00E59BF5 /* Build configuration list for PBXProject "PeriodTracker" */;
			developmentRegion = en;
			hasScannedForEncodings = 0;
			knownRegions = (
				en,
				Base,
			);
			mainGroup = 61D166B02F56FF8D00E59BF5;
			minimizedProjectReferenceProxies = 1;
			preferredProjectObjectVersion = 77;
			productRefGroup = 61D166BA2F56FF8E00E59BF5 /* Products */;
			projectDirPath = "";
			projectRoot = "";
			targets = (
				61D166B82F56FF8E00E59BF5 /* PeriodTracker */,
				61D166C92F56FF8F00E59BF5 /* PeriodTrackerTests */,
				61D166D32F56FF8F00E59BF5 /* PeriodTrackerUITests */,
				616540252FADF8FC001EEA97 /* PeriodTrackerWatch Watch App */,
				610DF5332FD16D5F00DFD2AC /* PeriodWidgetExtension */,
			);
		};
/* End PBXProject section */

/* Begin PBXResourcesBuildPhase section */
		610DF5322FD16D5F00DFD2AC /* Resources */ = {
			isa = PBXResourcesBuildPhase;
			buildActionMask = 2147483647;
			files = (
			);
			runOnlyForDeploymentPostprocessing = 0;
		};
		616540242FADF8FC001EEA97 /* Resources */ = {
			isa = PBXResourcesBuildPhase;
			buildActionMask = 2147483647;
			files = (
			);
			runOnlyForDeploymentPostprocessing = 0;
		};
		61D166B72F56FF8E00E59BF5 /* Resources */ = {
			isa = PBXResourcesBuildPhase;
			buildActionMask = 2147483647;
			files = (
			);
			runOnlyForDeploymentPostprocessing = 0;
		};
		61D166C82F56FF8F00E59BF5 /* Resources */ = {
			isa = PBXResourcesBuildPhase;
			buildActionMask = 2147483647;
			files = (
			);
			runOnlyForDeploymentPostprocessing = 0;
		};
		61D166D22F56FF8F00E59BF5 /* Resources */ = {
			isa = PBXResourcesBuildPhase;
			buildActionMask = 2147483647;
			files = (
			);
			runOnlyForDeploymentPostprocessing = 0;
		};
/* End PBXResourcesBuildPhase section */

/* Begin PBXSourcesBuildPhase section */
		610DF5302FD16D5F00DFD2AC /* Sources */ = {
			isa = PBXSourcesBuildPhase;
			buildActionMask = 2147483647;
			files = (
				610DF5932FD1711100DFD2AC /* PeriodEntry.swift in Sources */,
			);
			runOnlyForDeploymentPostprocessing = 0;
		};
		616540222FADF8FC001EEA97 /* Sources */ = {
			isa = PBXSourcesBuildPhase;
			buildActionMask = 2147483647;
			files = (
				616540352FADF924001EEA97 /* PeriodEntry.swift in Sources */,
			);
			runOnlyForDeploymentPostprocessing = 0;
		};
		61D166B52F56FF8E00E59BF5 /* Sources */ = {
			isa = PBXSourcesBuildPhase;
			buildActionMask = 2147483647;
			files = (
				61D166E92F570BA300E59BF5 /* PeriodEntry.swift in Sources */,
			);
			runOnlyForDeploymentPostprocessing = 0;
		};
		61D166C62F56FF8F00E59BF5 /* Sources */ = {
			isa = PBXSourcesBuildPhase;
			buildActionMask = 2147483647;
			files = (
			);
			runOnlyForDeploymentPostprocessing = 0;
		};
		61D166D02F56FF8F00E59BF5 /* Sources */ = {
			isa = PBXSourcesBuildPhase;
			buildActionMask = 2147483647;
			files = (
			);
			runOnlyForDeploymentPostprocessing = 0;
		};
/* End PBXSourcesBuildPhase section */

/* Begin PBXTargetDependency section */
		6165402F2FADF8FF001EEA97 /* PBXTargetDependency */ = {
			isa = PBXTargetDependency;
			target = 616540252FADF8FC001EEA97 /* PeriodTrackerWatch Watch App */;
			targetProxy = 6165402E2FADF8FF001EEA97 /* PBXContainerItemProxy */;
		};
		61D166CC2F56FF8F00E59BF5 /* PBXTargetDependency */ = {
			isa = PBXTargetDependency;
			target = 61D166B82F56FF8E00E59BF5 /* PeriodTracker */;
			targetProxy = 61D166CB2F56FF8F00E59BF5 /* PBXContainerItemProxy */;
		};
		61D166D62F56FF8F00E59BF5 /* PBXTargetDependency */ = {
			isa = PBXTargetDependency;
			target = 61D166B82F56FF8E00E59BF5 /* PeriodTracker */;
			targetProxy = 61D166D52F56FF8F00E59BF5 /* PBXContainerItemProxy */;
		};
/* End PBXTargetDependency section */

/* Begin XCBuildConfiguration section */
		610DF5442FD16D6200DFD2AC /* Debug */ = {
			isa = XCBuildConfiguration;
			buildSettings = {
				ASSETCATALOG_COMPILER_GLOBAL_ACCENT_COLOR_NAME = AccentColor;
				ASSETCATALOG_COMPILER_WIDGET_BACKGROUND_COLOR_NAME = WidgetBackground;
				CODE_SIGN_ENTITLEMENTS = PeriodWidgetExtension.entitlements;
				CODE_SIGN_STYLE = Automatic;
				CURRENT_PROJECT_VERSION = 1;
				DEVELOPMENT_TEAM = U4VRMQD4GK;
				GENERATE_INFOPLIST_FILE = YES;
				INFOPLIST_FILE = PeriodWidget/Info.plist;
				INFOPLIST_KEY_CFBundleDisplayName = PeriodWidget;
				INFOPLIST_KEY_NSHumanReadableCopyright = "";
				LD_RUNPATH_SEARCH_PATHS = (
					"$(inherited)",
					"@executable_path/Frameworks",
					"@executable_path/../../Frameworks",
					"@executable_path/../../../../Frameworks",
				);
				MARKETING_VERSION = 1.0;
				PRODUCT_BUNDLE_IDENTIFIER = com.jitianliang.PeriodTracker.PeriodWidget;
				PRODUCT_NAME = "$(TARGET_NAME)";
				SDKROOT = watchos;
				SKIP_INSTALL = YES;
				STRING_CATALOG_GENERATE_SYMBOLS = YES;
				SUPPORTED_PLATFORMS = "iphoneos iphonesimulator";
				SUPPORTS_MACCATALYST = NO;
				SWIFT_APPROACHABLE_CONCURRENCY = YES;
				SWIFT_EMIT_LOC_STRINGS = YES;
				SWIFT_UPCOMING_FEATURE_MEMBER_IMPORT_VISIBILITY = YES;
				SWIFT_VERSION = 5.0;
				TARGETED_DEVICE_FAMILY = 1;
				WATCHOS_DEPLOYMENT_TARGET = 26.2;
			};
			name = Debug;
		};
		610DF5452FD16D6200DFD2AC /* Release */ = {
			isa = XCBuildConfiguration;
			buildSettings = {
				ASSETCATALOG_COMPILER_GLOBAL_ACCENT_COLOR_NAME = AccentColor;
				ASSETCATALOG_COMPILER_WIDGET_BACKGROUND_COLOR_NAME = WidgetBackground;
				CODE_SIGN_ENTITLEMENTS = PeriodWidgetExtension.entitlements;
				CODE_SIGN_STYLE = Automatic;
				CURRENT_PROJECT_VERSION = 1;
				DEVELOPMENT_TEAM = U4VRMQD4GK;
				GENERATE_INFOPLIST_FILE = YES;
				INFOPLIST_FILE = PeriodWidget/Info.plist;
				INFOPLIST_KEY_CFBundleDisplayName = PeriodWidget;
				INFOPLIST_KEY_NSHumanReadableCopyright = "";
				LD_RUNPATH_SEARCH_PATHS = (
					"$(inherited)",
					"@executable_path/Frameworks",
					"@executable_path/../../Frameworks",
					"@executable_path/../../../../Frameworks",
				);
				MARKETING_VERSION = 1.0;
				PRODUCT_BUNDLE_IDENTIFIER = com.jitianliang.PeriodTracker.PeriodWidget;
				PRODUCT_NAME = "$(TARGET_NAME)";
				SDKROOT = watchos;
				SKIP_INSTALL = YES;
				STRING_CATALOG_GENERATE_SYMBOLS = YES;
				SUPPORTED_PLATFORMS = "iphoneos iphonesimulator";
				SUPPORTS_MACCATALYST = NO;
				SWIFT_APPROACHABLE_CONCURRENCY = YES;
				SWIFT_EMIT_LOC_STRINGS = YES;
				SWIFT_UPCOMING_FEATURE_MEMBER_IMPORT_VISIBILITY = YES;
				SWIFT_VERSION = 5.0;
				TARGETED_DEVICE_FAMILY = 1;
				WATCHOS_DEPLOYMENT_TARGET = 26.2;
			};
			name = Release;
		};
		616540322FADF8FF001EEA97 /* Debug */ = {
			isa = XCBuildConfiguration;
			buildSettings = {
				ASSETCATALOG_COMPILER_APPICON_NAME = AppIcon;
				ASSETCATALOG_COMPILER_GLOBAL_ACCENT_COLOR_NAME = AccentColor;
				CODE_SIGN_ENTITLEMENTS = "PeriodTrackerWatch Watch App/PeriodTrackerWatch Watch App.entitlements";
				"CODE_SIGN_IDENTITY[sdk=watchos*]" = "iPhone Distribution";
				CODE_SIGN_STYLE = Manual;
				CURRENT_PROJECT_VERSION = 6;
				DEVELOPMENT_TEAM = "";
				"DEVELOPMENT_TEAM[sdk=watchos*]" = U4VRMQD4GK;
				ENABLE_PREVIEWS = YES;
				GENERATE_INFOPLIST_FILE = YES;
				INFOPLIST_KEY_CFBundleDisplayName = PeriodTrackerWatch;
				INFOPLIST_KEY_UISupportedInterfaceOrientations = "UIInterfaceOrientationPortrait UIInterfaceOrientationPortraitUpsideDown";
				INFOPLIST_KEY_WKCompanionAppBundleIdentifier = com.jitianliang.PeriodTracker;
				LD_RUNPATH_SEARCH_PATHS = (
					"$(inherited)",
					"@executable_path/Frameworks",
				);
				MARKETING_VERSION = 1.0;
				PRODUCT_BUNDLE_IDENTIFIER = com.jitianliang.PeriodTracker.watchkitapp;
				PRODUCT_NAME = "$(TARGET_NAME)";
				PROVISIONING_PROFILE_SPECIFIER = "";
				"PROVISIONING_PROFILE_SPECIFIER[sdk=watchos*]" = "PeriodTracker Watch App Store";
				SDKROOT = watchos;
				SKIP_INSTALL = YES;
				STRING_CATALOG_GENERATE_SYMBOLS = YES;
				SWIFT_APPROACHABLE_CONCURRENCY = YES;
				SWIFT_DEFAULT_ACTOR_ISOLATION = MainActor;
				SWIFT_EMIT_LOC_STRINGS = YES;
				SWIFT_UPCOMING_FEATURE_MEMBER_IMPORT_VISIBILITY = YES;
				SWIFT_VERSION = 5.0;
				TARGETED_DEVICE_FAMILY = 4;
				WATCHOS_DEPLOYMENT_TARGET = 26.2;
			};
			name = Debug;
		};
		616540332FADF8FF001EEA97 /* Release */ = {
			isa = XCBuildConfiguration;
			buildSettings = {
				ASSETCATALOG_COMPILER_APPICON_NAME = AppIcon;
				ASSETCATALOG_COMPILER_GLOBAL_ACCENT_COLOR_NAME = AccentColor;
				CODE_SIGN_ENTITLEMENTS = "PeriodTrackerWatch Watch App/PeriodTrackerWatch Watch App.entitlements";
				"CODE_SIGN_IDENTITY[sdk=watchos*]" = "iPhone Distribution";
				CODE_SIGN_STYLE = Manual;
				CURRENT_PROJECT_VERSION = 6;
				DEVELOPMENT_TEAM = "";
				"DEVELOPMENT_TEAM[sdk=watchos*]" = U4VRMQD4GK;
				ENABLE_PREVIEWS = YES;
				GENERATE_INFOPLIST_FILE = YES;
				INFOPLIST_KEY_CFBundleDisplayName = PeriodTrackerWatch;
				INFOPLIST_KEY_UISupportedInterfaceOrientations = "UIInterfaceOrientationPortrait UIInterfaceOrientationPortraitUpsideDown";
				INFOPLIST_KEY_WKCompanionAppBundleIdentifier = com.jitianliang.PeriodTracker;
				LD_RUNPATH_SEARCH_PATHS = (
					"$(inherited)",
					"@executable_path/Frameworks",
				);
				MARKETING_VERSION = 1.0;
				PRODUCT_BUNDLE_IDENTIFIER = com.jitianliang.PeriodTracker.watchkitapp;
				PRODUCT_NAME = "$(TARGET_NAME)";
				PROVISIONING_PROFILE_SPECIFIER = "";
				"PROVISIONING_PROFILE_SPECIFIER[sdk=watchos*]" = "PeriodTracker Watch App Store";
				SDKROOT = watchos;
				SKIP_INSTALL = YES;
				STRING_CATALOG_GENERATE_SYMBOLS = YES;
				SWIFT_APPROACHABLE_CONCURRENCY = YES;
				SWIFT_DEFAULT_ACTOR_ISOLATION = MainActor;
				SWIFT_EMIT_LOC_STRINGS = YES;
				SWIFT_UPCOMING_FEATURE_MEMBER_IMPORT_VISIBILITY = YES;
				SWIFT_VERSION = 5.0;
				TARGETED_DEVICE_FAMILY = 4;
				WATCHOS_DEPLOYMENT_TARGET = 26.2;
			};
			name = Release;
		};
		61D166DE2F56FF9000E59BF5 /* Debug */ = {
			isa = XCBuildConfiguration;
			buildSettings = {
				ASSETCATALOG_COMPILER_APPICON_NAME = AppIcon;
				ASSETCATALOG_COMPILER_GLOBAL_ACCENT_COLOR_NAME = AccentColor;
				CODE_SIGN_ENTITLEMENTS = PeriodTracker/PeriodTracker.entitlements;
				"CODE_SIGN_IDENTITY[sdk=iphoneos*]" = "iPhone Distribution";
				CODE_SIGN_STYLE = Manual;
				CURRENT_PROJECT_VERSION = 6;
				DEVELOPMENT_TEAM = "";
				"DEVELOPMENT_TEAM[sdk=iphoneos*]" = U4VRMQD4GK;
				ENABLE_PREVIEWS = YES;
				GENERATE_INFOPLIST_FILE = YES;
				INFOPLIST_FILE = PeriodTracker/Info.plist;
				INFOPLIST_KEY_UIApplicationSceneManifest_Generation = YES;
				INFOPLIST_KEY_UIApplicationSupportsIndirectInputEvents = YES;
				INFOPLIST_KEY_UILaunchScreen_Generation = YES;
				INFOPLIST_KEY_UISupportedInterfaceOrientations_iPad = "UIInterfaceOrientationPortrait UIInterfaceOrientationPortraitUpsideDown UIInterfaceOrientationLandscapeLeft UIInterfaceOrientationLandscapeRight";
				INFOPLIST_KEY_UISupportedInterfaceOrientations_iPhone = "UIInterfaceOrientationPortrait UIInterfaceOrientationLandscapeLeft UIInterfaceOrientationLandscapeRight";
				LD_RUNPATH_SEARCH_PATHS = (
					"$(inherited)",
					"@executable_path/Frameworks",
				);
				MARKETING_VERSION = 1.0;
				PRODUCT_BUNDLE_IDENTIFIER = com.jitianliang.PeriodTracker;
				PRODUCT_NAME = "$(TARGET_NAME)";
				PROVISIONING_PROFILE_SPECIFIER = "";
				"PROVISIONING_PROFILE_SPECIFIER[sdk=iphoneos*]" = "PeriodTracker iOS App Store";
				STRING_CATALOG_GENERATE_SYMBOLS = YES;
				SWIFT_APPROACHABLE_CONCURRENCY = YES;
				SWIFT_DEFAULT_ACTOR_ISOLATION = MainActor;
				SWIFT_EMIT_LOC_STRINGS = YES;
				SWIFT_UPCOMING_FEATURE_MEMBER_IMPORT_VISIBILITY = YES;
				SWIFT_VERSION = 5.0;
				TARGETED_DEVICE_FAMILY = "1,2";
			};
			name = Debug;
		};
		61D166DF2F56FF9000E59BF5 /* Release */ = {
			isa = XCBuildConfiguration;
			buildSettings = {
				ASSETCATALOG_COMPILER_APPICON_NAME = AppIcon;
				ASSETCATALOG_COMPILER_GLOBAL_ACCENT_COLOR_NAME = AccentColor;
				CODE_SIGN_ENTITLEMENTS = PeriodTracker/PeriodTracker.entitlements;
				"CODE_SIGN_IDENTITY[sdk=iphoneos*]" = "iPhone Distribution";
				CODE_SIGN_STYLE = Manual;
				CURRENT_PROJECT_VERSION = 6;
				DEVELOPMENT_TEAM = "";
				"DEVELOPMENT_TEAM[sdk=iphoneos*]" = U4VRMQD4GK;
				ENABLE_PREVIEWS = YES;
				GENERATE_INFOPLIST_FILE = YES;
				INFOPLIST_FILE = PeriodTracker/Info.plist;
				INFOPLIST_KEY_UIApplicationSceneManifest_Generation = YES;
				INFOPLIST_KEY_UIApplicationSupportsIndirectInputEvents = YES;
				INFOPLIST_KEY_UILaunchScreen_Generation = YES;
				INFOPLIST_KEY_UISupportedInterfaceOrientations_iPad = "UIInterfaceOrientationPortrait UIInterfaceOrientationPortraitUpsideDown UIInterfaceOrientationLandscapeLeft UIInterfaceOrientationLandscapeRight";
				INFOPLIST_KEY_UISupportedInterfaceOrientations_iPhone = "UIInterfaceOrientationPortrait UIInterfaceOrientationLandscapeLeft UIInterfaceOrientationLandscapeRight";
				LD_RUNPATH_SEARCH_PATHS = (
					"$(inherited)",
					"@executable_path/Frameworks",
				);
				MARKETING_VERSION = 1.0;
				PRODUCT_BUNDLE_IDENTIFIER = com.jitianliang.PeriodTracker;
				PRODUCT_NAME = "$(TARGET_NAME)";
				PROVISIONING_PROFILE_SPECIFIER = "";
				"PROVISIONING_PROFILE_SPECIFIER[sdk=iphoneos*]" = "PeriodTracker iOS App Store";
				STRING_CATALOG_GENERATE_SYMBOLS = YES;
				SWIFT_APPROACHABLE_CONCURRENCY = YES;
				SWIFT_DEFAULT_ACTOR_ISOLATION = MainActor;
				SWIFT_EMIT_LOC_STRINGS = YES;
				SWIFT_UPCOMING_FEATURE_MEMBER_IMPORT_VISIBILITY = YES;
				SWIFT_VERSION = 5.0;
				TARGETED_DEVICE_FAMILY = "1,2";
			};
			name = Release;
		};
		61D166E02F56FF9000E59BF5 /* Debug */ = {
			isa = XCBuildConfiguration;
			buildSettings = {
				ALWAYS_SEARCH_USER_PATHS = NO;
				ASSETCATALOG_COMPILER_GENERATE_SWIFT_ASSET_SYMBOL_EXTENSIONS = YES;
				CLANG_ANALYZER_NONNULL = YES;
				CLANG_ANALYZER_NUMBER_OBJECT_CONVERSION = YES_AGGRESSIVE;
				CLANG_CXX_LANGUAGE_STANDARD = "gnu++20";
				CLANG_ENABLE_MODULES = YES;
				CLANG_ENABLE_OBJC_ARC = YES;
				CLANG_ENABLE_OBJC_WEAK = YES;
				CLANG_WARN_BLOCK_CAPTURE_AUTORELEASING = YES;
				CLANG_WARN_BOOL_CONVERSION = YES;
				CLANG_WARN_COMMA = YES;
				CLANG_WARN_CONSTANT_CONVERSION = YES;
				CLANG_WARN_DEPRECATED_OBJC_IMPLEMENTATIONS = YES;
				CLANG_WARN_DIRECT_OBJC_ISA_USAGE = YES_ERROR;
				CLANG_WARN_DOCUMENTATION_COMMENTS = YES;
				CLANG_WARN_EMPTY_BODY = YES;
				CLANG_WARN_ENUM_CONVERSION = YES;
				CLANG_WARN_INFINITE_RECURSION = YES;
				CLANG_WARN_INT_CONVERSION = YES;
				CLANG_WARN_NON_LITERAL_NULL_CONVERSION = YES;
				CLANG_WARN_OBJC_IMPLICIT_RETAIN_SELF = YES;
				CLANG_WARN_OBJC_LITERAL_CONVERSION = YES;
				CLANG_WARN_OBJC_ROOT_CLASS = YES_ERROR;
				CLANG_WARN_QUOTED_INCLUDE_IN_FRAMEWORK_HEADER = YES;
				CLANG_WARN_RANGE_LOOP_ANALYSIS = YES;
				CLANG_WARN_STRICT_PROTOTYPES = YES;
				CLANG_WARN_SUSPICIOUS_MOVE = YES;
				CLANG_WARN_UNGUARDED_AVAILABILITY = YES_AGGRESSIVE;
				CLANG_WARN_UNREACHABLE_CODE = YES;
				CLANG_WARN__DUPLICATE_METHOD_MATCH = YES;
				COPY_PHASE_STRIP = NO;
				DEBUG_INFORMATION_FORMAT = dwarf;
				DEVELOPMENT_TEAM = U4VRMQD4GK;
				ENABLE_STRICT_OBJC_MSGSEND = YES;
				ENABLE_TESTABILITY = YES;
				ENABLE_USER_SCRIPT_SANDBOXING = YES;
				GCC_C_LANGUAGE_STANDARD = gnu17;
				GCC_DYNAMIC_NO_PIC = NO;
				GCC_NO_COMMON_BLOCKS = YES;
				GCC_OPTIMIZATION_LEVEL = 0;
				GCC_PREPROCESSOR_DEFINITIONS = (
					"DEBUG=1",
					"$(inherited)",
				);
				GCC_WARN_64_TO_32_BIT_CONVERSION = YES;
				GCC_WARN_ABOUT_RETURN_TYPE = YES_ERROR;
				GCC_WARN_UNDECLARED_SELECTOR = YES;
				GCC_WARN_UNINITIALIZED_AUTOS = YES_AGGRESSIVE;
				GCC_WARN_UNUSED_FUNCTION = YES;
				GCC_WARN_UNUSED_VARIABLE = YES;
				IPHONEOS_DEPLOYMENT_TARGET = 26.2;
				LOCALIZATION_PREFERS_STRING_CATALOGS = YES;
				MTL_ENABLE_DEBUG_INFO = INCLUDE_SOURCE;
				MTL_FAST_MATH = YES;
				ONLY_ACTIVE_ARCH = YES;
				SDKROOT = iphoneos;
				SWIFT_ACTIVE_COMPILATION_CONDITIONS = "DEBUG $(inherited)";
				SWIFT_OPTIMIZATION_LEVEL = "-Onone";
			};
			name = Debug;
		};
		61D166E12F56FF9000E59BF5 /* Release */ = {
			isa = XCBuildConfiguration;
			buildSettings = {
				ALWAYS_SEARCH_USER_PATHS = NO;
				ASSETCATALOG_COMPILER_GENERATE_SWIFT_ASSET_SYMBOL_EXTENSIONS = YES;
				CLANG_ANALYZER_NONNULL = YES;
				CLANG_ANALYZER_NUMBER_OBJECT_CONVERSION = YES_AGGRESSIVE;
				CLANG_CXX_LANGUAGE_STANDARD = "gnu++20";
				CLANG_ENABLE_MODULES = YES;
				CLANG_ENABLE_OBJC_ARC = YES;
				CLANG_ENABLE_OBJC_WEAK = YES;
				CLANG_WARN_BLOCK_CAPTURE_AUTORELEASING = YES;
				CLANG_WARN_BOOL_CONVERSION = YES;
				CLANG_WARN_COMMA = YES;
				CLANG_WARN_CONSTANT_CONVERSION = YES;
				CLANG_WARN_DEPRECATED_OBJC_IMPLEMENTATIONS = YES;
				CLANG_WARN_DIRECT_OBJC_ISA_USAGE = YES_ERROR;
				CLANG_WARN_DOCUMENTATION_COMMENTS = YES;
				CLANG_WARN_EMPTY_BODY = YES;
				CLANG_WARN_ENUM_CONVERSION = YES;
				CLANG_WARN_INFINITE_RECURSION = YES;
				CLANG_WARN_INT_CONVERSION = YES;
				CLANG_WARN_NON_LITERAL_NULL_CONVERSION = YES;
				CLANG_WARN_OBJC_IMPLICIT_RETAIN_SELF = YES;
				CLANG_WARN_OBJC_LITERAL_CONVERSION = YES;
				CLANG_WARN_OBJC_ROOT_CLASS = YES_ERROR;
				CLANG_WARN_QUOTED_INCLUDE_IN_FRAMEWORK_HEADER = YES;
				CLANG_WARN_RANGE_LOOP_ANALYSIS = YES;
				CLANG_WARN_STRICT_PROTOTYPES = YES;
				CLANG_WARN_SUSPICIOUS_MOVE = YES;
				CLANG_WARN_UNGUARDED_AVAILABILITY = YES_AGGRESSIVE;
				CLANG_WARN_UNREACHABLE_CODE = YES;
				CLANG_WARN__DUPLICATE_METHOD_MATCH = YES;
				COPY_PHASE_STRIP = NO;
				DEBUG_INFORMATION_FORMAT = "dwarf-with-dsym";
				DEVELOPMENT_TEAM = U4VRMQD4GK;
				ENABLE_NS_ASSERTIONS = NO;
				ENABLE_STRICT_OBJC_MSGSEND = YES;
				ENABLE_USER_SCRIPT_SANDBOXING = YES;
				GCC_C_LANGUAGE_STANDARD = gnu17;
				GCC_NO_COMMON_BLOCKS = YES;
				GCC_WARN_64_TO_32_BIT_CONVERSION = YES;
				GCC_WARN_ABOUT_RETURN_TYPE = YES_ERROR;
				GCC_WARN_UNDECLARED_SELECTOR = YES;
				GCC_WARN_UNINITIALIZED_AUTOS = YES_AGGRESSIVE;
				GCC_WARN_UNUSED_FUNCTION = YES;
				GCC_WARN_UNUSED_VARIABLE = YES;
				IPHONEOS_DEPLOYMENT_TARGET = 26.2;
				LOCALIZATION_PREFERS_STRING_CATALOGS = YES;
				MTL_ENABLE_DEBUG_INFO = NO;
				MTL_FAST_MATH = YES;
				SDKROOT = iphoneos;
				SWIFT_COMPILATION_MODE = wholemodule;
				VALIDATE_PRODUCT = YES;
			};
			name = Release;
		};
		61D166E32F56FF9000E59BF5 /* Debug */ = {
			isa = XCBuildConfiguration;
			buildSettings = {
				BUNDLE_LOADER = "$(TEST_HOST)";
				CODE_SIGN_STYLE = Automatic;
				CURRENT_PROJECT_VERSION = 1;
				DEVELOPMENT_TEAM = U4VRMQD4GK;
				GENERATE_INFOPLIST_FILE = YES;
				IPHONEOS_DEPLOYMENT_TARGET = 26.2;
				MARKETING_VERSION = 1.0;
				PRODUCT_BUNDLE_IDENTIFIER = com.jitianliang.PeriodTrackerTests;
				PRODUCT_NAME = "$(TARGET_NAME)";
				STRING_CATALOG_GENERATE_SYMBOLS = NO;
				SWIFT_APPROACHABLE_CONCURRENCY = YES;
				SWIFT_EMIT_LOC_STRINGS = NO;
				SWIFT_UPCOMING_FEATURE_MEMBER_IMPORT_VISIBILITY = YES;
				SWIFT_VERSION = 5.0;
				TARGETED_DEVICE_FAMILY = "1,2";
				TEST_HOST = "$(BUILT_PRODUCTS_DIR)/PeriodTracker.app/$(BUNDLE_EXECUTABLE_FOLDER_PATH)/PeriodTracker";
			};
			name = Debug;
		};
		61D166E42F56FF9000E59BF5 /* Release */ = {
			isa = XCBuildConfiguration;
			buildSettings = {
				BUNDLE_LOADER = "$(TEST_HOST)";
				CODE_SIGN_STYLE = Automatic;
				CURRENT_PROJECT_VERSION = 1;
				DEVELOPMENT_TEAM = U4VRMQD4GK;
				GENERATE_INFOPLIST_FILE = YES;
				IPHONEOS_DEPLOYMENT_TARGET = 26.2;
				MARKETING_VERSION = 1.0;
				PRODUCT_BUNDLE_IDENTIFIER = com.jitianliang.PeriodTrackerTests;
				PRODUCT_NAME = "$(TARGET_NAME)";
				STRING_CATALOG_GENERATE_SYMBOLS = NO;
				SWIFT_APPROACHABLE_CONCURRENCY = YES;
				SWIFT_EMIT_LOC_STRINGS = NO;
				SWIFT_UPCOMING_FEATURE_MEMBER_IMPORT_VISIBILITY = YES;
				SWIFT_VERSION = 5.0;
				TARGETED_DEVICE_FAMILY = "1,2";
				TEST_HOST = "$(BUILT_PRODUCTS_DIR)/PeriodTracker.app/$(BUNDLE_EXECUTABLE_FOLDER_PATH)/PeriodTracker";
			};
			name = Release;
		};
		61D166E62F56FF9000E59BF5 /* Debug */ = {
			isa = XCBuildConfiguration;
			buildSettings = {
				CODE_SIGN_STYLE = Automatic;
				CURRENT_PROJECT_VERSION = 1;
				DEVELOPMENT_TEAM = U4VRMQD4GK;
				GENERATE_INFOPLIST_FILE = YES;
				MARKETING_VERSION = 1.0;
				PRODUCT_BUNDLE_IDENTIFIER = com.jitianliang.PeriodTrackerUITests;
				PRODUCT_NAME = "$(TARGET_NAME)";
				STRING_CATALOG_GENERATE_SYMBOLS = NO;
				SWIFT_APPROACHABLE_CONCURRENCY = YES;
				SWIFT_EMIT_LOC_STRINGS = NO;
				SWIFT_UPCOMING_FEATURE_MEMBER_IMPORT_VISIBILITY = YES;
				SWIFT_VERSION = 5.0;
				TARGETED_DEVICE_FAMILY = "1,2";
				TEST_TARGET_NAME = PeriodTracker;
			};
			name = Debug;
		};
		61D166E72F56FF9000E59BF5 /* Release */ = {
			isa = XCBuildConfiguration;
			buildSettings = {
				CODE_SIGN_STYLE = Automatic;
				CURRENT_PROJECT_VERSION = 1;
				DEVELOPMENT_TEAM = U4VRMQD4GK;
				GENERATE_INFOPLIST_FILE = YES;
				MARKETING_VERSION = 1.0;
				PRODUCT_BUNDLE_IDENTIFIER = com.jitianliang.PeriodTrackerUITests;
				PRODUCT_NAME = "$(TARGET_NAME)";
				STRING_CATALOG_GENERATE_SYMBOLS = NO;
				SWIFT_APPROACHABLE_CONCURRENCY = YES;
				SWIFT_EMIT_LOC_STRINGS = NO;
				SWIFT_UPCOMING_FEATURE_MEMBER_IMPORT_VISIBILITY = YES;
				SWIFT_VERSION = 5.0;
				TARGETED_DEVICE_FAMILY = "1,2";
				TEST_TARGET_NAME = PeriodTracker;
			};
			name = Release;
		};
/* End XCBuildConfiguration section */

/* Begin XCConfigurationList section */
		610DF5432FD16D6200DFD2AC /* Build configuration list for PBXNativeTarget "PeriodWidgetExtension" */ = {
			isa = XCConfigurationList;
			buildConfigurations = (
				610DF5442FD16D6200DFD2AC /* Debug */,
				610DF5452FD16D6200DFD2AC /* Release */,
			);
			defaultConfigurationIsVisible = 0;
			defaultConfigurationName = Release;
		};
		616540312FADF8FF001EEA97 /* Build configuration list for PBXNativeTarget "PeriodTrackerWatch Watch App" */ = {
			isa = XCConfigurationList;
			buildConfigurations = (
				616540322FADF8FF001EEA97 /* Debug */,
				616540332FADF8FF001EEA97 /* Release */,
			);
			defaultConfigurationIsVisible = 0;
			defaultConfigurationName = Release;
		};
		61D166B42F56FF8D00E59BF5 /* Build configuration list for PBXProject "PeriodTracker" */ = {
			isa = XCConfigurationList;
			buildConfigurations = (
				61D166E02F56FF9000E59BF5 /* Debug */,
				61D166E12F56FF9000E59BF5 /* Release */,
			);
			defaultConfigurationIsVisible = 0;
			defaultConfigurationName = Release;
		};
		61D166DD2F56FF9000E59BF5 /* Build configuration list for PBXNativeTarget "PeriodTracker" */ = {
			isa = XCConfigurationList;
			buildConfigurations = (
				61D166DE2F56FF9000E59BF5 /* Debug */,
				61D166DF2F56FF9000E59BF5 /* Release */,
			);
			defaultConfigurationIsVisible = 0;
			defaultConfigurationName = Release;
		};
		61D166E22F56FF9000E59BF5 /* Build configuration list for PBXNativeTarget "PeriodTrackerTests" */ = {
			isa = XCConfigurationList;
			buildConfigurations = (
				61D166E32F56FF9000E59BF5 /* Debug */,
				61D166E42F56FF9000E59BF5 /* Release */,
			);
			defaultConfigurationIsVisible = 0;
			defaultConfigurationName = Release;
		};
		61D166E52F56FF9000E59BF5 /* Build configuration list for PBXNativeTarget "PeriodTrackerUITests" */ = {
			isa = XCConfigurationList;
			buildConfigurations = (
				61D166E62F56FF9000E59BF5 /* Debug */,
				61D166E72F56FF9000E59BF5 /* Release */,
			);
			defaultConfigurationIsVisible = 0;
			defaultConfigurationName = Release;
		};
/* End XCConfigurationList section */
	};
	rootObject = 61D166B12F56FF8D00E59BF5 /* Project object */;
}
